
Microsoft Visual Studio Solution File, Format Version 12.00
# Visual Studio Version 17
VisualStudioVersion = 17.8.34330.188
MinimumVisualStudioVersion = 10.0.40219.1
Project("{9A19103F-16F7-4668-BE54-9A1E7A4F7556}") = "SFA.DAS.Payments.ScheduledJobs.UnitTests", "SFA.DAS.Payments.ScheduledJobs.UnitTests\SFA.DAS.Payments.ScheduledJobs.UnitTests.csproj", "{DA5ABC45-22D6-4661-BBED-53A322360612}"
EndProject
Project("{9A19103F-16F7-4668-BE54-9A1E7A4F7556}") = "SFA.DAS.Payments.ScheduledJobs", "SFA.DAS.Payments.ScheduledJobs\SFA.DAS.Payments.ScheduledJobs.csproj", "{C80E98C8-C964-41DA-BF80-F8080C18BF89}"
EndProject
Global
	GlobalSection(SolutionConfigurationPlatforms) = preSolution
		Debug|Any CPU = Debug|Any CPU
		Release|Any CPU = Release|Any CPU
	EndGlobalSection
	GlobalSection(ProjectConfigurationPlatforms) = postSolution
		{DA5ABC45-22D6-4661-BBED-53A322360612}.Debug|Any CPU.ActiveCfg = Debug|Any CPU
		{DA5ABC45-22D6-4661-BBED-53A322360612}.Debug|Any CPU.Build.0 = Debug|Any CPU
		{DA5ABC45-22D6-4661-BBED-53A322360612}.Release|Any CPU.ActiveCfg = Release|Any CPU
		{DA5ABC45-22D6-4661-BBED-53A322360612}.Release|Any CPU.Build.0 = Release|Any CPU
		{C80E98C8-C964-41DA-BF80-F8080C18BF89}.Debug|Any CPU.ActiveCfg = Debug|Any CPU
		{C80E98C8-C964-41DA-BF80-F8080C18BF89}.Debug|Any CPU.Build.0 = Debug|Any CPU
		{C80E98C8-C964-41DA-BF80-F8080C18BF89}.Release|Any CPU.ActiveCfg = Release|Any CPU
		{C80E98C8-C964-41DA-BF80-F8080C18BF89}.Release|Any CPU.Build.0 = Release|Any CPU
	EndGlobalSection
	GlobalSection(SolutionProperties) = preSolution
		HideSolutionNode = FALSE
	EndGlobalSection
	GlobalSection(ExtensibilityGlobals) = postSolution
		SolutionGuid = {04DA2764-13CE-4481-9053-E12803A0B9E0}
	EndGlobalSection
EndGlobal
