
Microsoft Visual Studio Solution File, Format Version 12.00
# Visual Studio Version 17
VisualStudioVersion = 17.8.34330.188
MinimumVisualStudioVersion = 10.0.40219.1
Project("{FAE04EC0-301F-11D3-BF4B-00C04F79EFBC}") = "SFA.DAS.Payments.ScheduledJobs", "SFA.DAS.Payments.ScheduledJobs\SFA.DAS.Payments.ScheduledJobs.csproj", "{02B7C45A-D617-4520-827D-23C21F34EE5B}"
EndProject
Project("{FAE04EC0-301F-11D3-BF4B-00C04F79EFBC}") = "SFA.DAS.Payments.ScheduledJobs.UnitTest", "SFA.DAS.Payments.ScheduledJobs.UnitTest\SFA.DAS.Payments.ScheduledJobs.UnitTest.csproj", "{D1F31782-4D0B-4634-BCE6-D8ED89751A19}"
EndProject
Global
	GlobalSection(SolutionConfigurationPlatforms) = preSolution
		Debug|Any CPU = Debug|Any CPU
		Release|Any CPU = Release|Any CPU
	EndGlobalSection
	GlobalSection(ProjectConfigurationPlatforms) = postSolution
		{02B7C45A-D617-4520-827D-23C21F34EE5B}.Debug|Any CPU.ActiveCfg = Debug|Any CPU
		{02B7C45A-D617-4520-827D-23C21F34EE5B}.Debug|Any CPU.Build.0 = Debug|Any CPU
		{02B7C45A-D617-4520-827D-23C21F34EE5B}.Release|Any CPU.ActiveCfg = Release|Any CPU
		{02B7C45A-D617-4520-827D-23C21F34EE5B}.Release|Any CPU.Build.0 = Release|Any CPU
		{D1F31782-4D0B-4634-BCE6-D8ED89751A19}.Debug|Any CPU.ActiveCfg = Debug|Any CPU
		{D1F31782-4D0B-4634-BCE6-D8ED89751A19}.Debug|Any CPU.Build.0 = Debug|Any CPU
		{D1F31782-4D0B-4634-BCE6-D8ED89751A19}.Release|Any CPU.ActiveCfg = Release|Any CPU
		{D1F31782-4D0B-4634-BCE6-D8ED89751A19}.Release|Any CPU.Build.0 = Release|Any CPU
	EndGlobalSection
	GlobalSection(SolutionProperties) = preSolution
		HideSolutionNode = FALSE
	EndGlobalSection
	GlobalSection(ExtensibilityGlobals) = postSolution
		SolutionGuid = {04DA2764-13CE-4481-9053-E12803A0B9E0}
	EndGlobalSection
EndGlobal
